// !$*UTF8*$!
{
	archiveVersion = 1;
	classes = {
	};
	objectVersion = 50;
	objects = {

/* Begin PBXBuildFile section */
		257F717E208ED9D30093E89F /* OneModule.framework in Frameworks */ = {isa = PBXBuildFile; fileRef = 257F7174208ED9D30093E89F /* OneModule.framework */; };
		257F7183208ED9D30093E89F /* OneModuleTests.m in Sources */ = {isa = PBXBuildFile; fileRef = 257F7182208ED9D30093E89F /* OneModuleTests.m */; };
		257F7185208ED9D30093E89F /* OneModule.h in Headers */ = {isa = PBXBuildFile; fileRef = 257F7177208ED9D30093E89F /* OneModule.h */; settings = {ATTRIBUTES = (Public, ); }; };
		257F7190208ED9EF0093E89F /* Cat.h in Headers */ = {isa = PBXBuildFile; fileRef = 257F718E208ED9EF0093E89F /* Cat.h */; };
		257F7191208ED9EF0093E89F /* Cat.m in Sources */ = {isa = PBXBuildFile; fileRef = 257F718F208ED9EF0093E89F /* Cat.m */; };
		257F719F208EDE520093E89F /* CommonModule.framework in Frameworks */ = {isa = PBXBuildFile; fileRef = 257F719E208EDE520093E89F /* CommonModule.framework */; settings = {ATTRIBUTES = (Weak, ); }; };
/* End PBXBuildFile section */

/* Begin PBXContainerItemProxy section */
		257F717F208ED9D30093E89F /* PBXContainerItemProxy */ = {
			isa = PBXContainerItemProxy;
			containerPortal = 257F716B208ED9D30093E89F /* Project object */;
			proxyType = 1;
			remoteGlobalIDString = 257F7173208ED9D30093E89F;
			remoteInfo = OneModule;
		};
/* End PBXContainerItemProxy section */

/* Begin PBXFileReference section */
		257F7174208ED9D30093E89F /* OneModule.framework */ = {isa = PBXFileReference; explicitFileType = wrapper.framework; includeInIndex = 0; path = OneModule.framework; sourceTree = BUILT_PRODUCTS_DIR; };
		257F7177208ED9D30093E89F /* OneModule.h */ = {isa = PBXFileReference; lastKnownFileType = sourcecode.c.h; path = OneModule.h; sourceTree = "<group>"; };
		257F7178208ED9D30093E89F /* Info.plist */ = {isa = PBXFileReference; lastKnownFileType = text.plist.xml; path = Info.plist; sourceTree = "<group>"; };
		257F717D208ED9D30093E89F /* OneModuleTests.xctest */ = {isa = PBXFileReference; explicitFileType = wrapper.cfbundle; includeInIndex = 0; path = OneModuleTests.xctest; sourceTree = BUILT_PRODUCTS_DIR; };
		257F7182208ED9D30093E89F /* OneModuleTests.m */ = {isa = PBXFileReference; lastKnownFileType = sourcecode.c.objc; path = OneModuleTests.m; sourceTree = "<group>"; };
		257F7184208ED9D30093E89F /* Info.plist */ = {isa = PBXFileReference; lastKnownFileType = text.plist.xml; path = Info.plist; sourceTree = "<group>"; };
		257F718E208ED9EF0093E89F /* Cat.h */ = {isa = PBXFileReference; lastKnownFileType = sourcecode.c.h; path = Cat.h; sourceTree = "<group>"; };
		257F718F208ED9EF0093E89F /* Cat.m */ = {isa = PBXFileReference; lastKnownFileType = sourcecode.c.objc; path = Cat.m; sourceTree = "<group>"; };
		257F7196208EDB090093E89F /* CommonModule.framework */ = {isa = PBXFileReference; explicitFileType = wrapper.framework; path = CommonModule.framework; sourceTree = BUILT_PRODUCTS_DIR; };
		257F719E208EDE520093E89F /* CommonModule.framework */ = {isa = PBXFileReference; explicitFileType = wrapper.framework; path = CommonModule.framework; sourceTree = BUILT_PRODUCTS_DIR; };
/* End PBXFileReference section */

/* Begin PBXFrameworksBuildPhase section */
		257F7170208ED9D30093E89F /* Frameworks */ = {
			isa = PBXFrameworksBuildPhase;
			buildActionMask = 2147483647;
			files = (
				257F719F208EDE520093E89F /* CommonModule.framework in Frameworks */,
			);
			runOnlyForDeploymentPostprocessing = 0;
		};
		257F717A208ED9D30093E89F /* Frameworks */ = {
			isa = PBXFrameworksBuildPhase;
			buildActionMask = 2147483647;
			files = (
				257F717E208ED9D30093E89F /* OneModule.framework in Frameworks */,
			);
			runOnlyForDeploymentPostprocessing = 0;
		};
/* End PBXFrameworksBuildPhase section */

/* Begin PBXGroup section */
		257F716A208ED9D30093E89F = {
			isa = PBXGroup;
			children = (
				257F7176208ED9D30093E89F /* OneModule */,
				257F7181208ED9D30093E89F /* OneModuleTests */,
				257F7175208ED9D30093E89F /* Products */,
				257F7195208EDB090093E89F /* Frameworks */,
			);
			sourceTree = "<group>";
		};
		257F7175208ED9D30093E89F /* Products */ = {
			isa = PBXGroup;
			children = (
				257F7174208ED9D30093E89F /* OneModule.framework */,
				257F717D208ED9D30093E89F /* OneModuleTests.xctest */,
			);
			name = Products;
			sourceTree = "<group>";
		};
		257F7176208ED9D30093E89F /* OneModule */ = {
			isa = PBXGroup;
			children = (
				257F7177208ED9D30093E89F /* OneModule.h */,
				257F7178208ED9D30093E89F /* Info.plist */,
				257F718E208ED9EF0093E89F /* Cat.h */,
				257F718F208ED9EF0093E89F /* Cat.m */,
			);
			path = OneModule;
			sourceTree = "<group>";
		};
		257F7181208ED9D30093E89F /* OneModuleTests */ = {
			isa = PBXGroup;
			children = (
				257F7182208ED9D30093E89F /* OneModuleTests.m */,
				257F7184208ED9D30093E89F /* Info.plist */,
			);
			path = OneModuleTests;
			sourceTree = "<group>";
		};
		257F7195208EDB090093E89F /* Frameworks */ = {
			isa = PBXGroup;
			children = (
				257F719E208EDE520093E89F /* CommonModule.framework */,
				257F7196208EDB090093E89F /* CommonModule.framework */,
			);
			name = Frameworks;
			sourceTree = "<group>";
		};
/* End PBXGroup section */

/* Begin PBXHeadersBuildPhase section */
		257F7171208ED9D30093E89F /* Headers */ = {
			isa = PBXHeadersBuildPhase;
			buildActionMask = 2147483647;
			files = (
				257F7185208ED9D30093E89F /* OneModule.h in Headers */,
				257F7190208ED9EF0093E89F /* Cat.h in Headers */,
			);
			runOnlyForDeploymentPostprocessing = 0;
		};
/* End PBXHeadersBuildPhase section */

/* Begin PBXNativeTarget section */
		257F7173208ED9D30093E89F /* OneModule */ = {
			isa = PBXNativeTarget;
			buildConfigurationList = 257F7188208ED9D30093E89F /* Build configuration list for PBXNativeTarget "OneModule" */;
			buildPhases = (
				257F716F208ED9D30093E89F /* Sources */,
				257F7170208ED9D30093E89F /* Frameworks */,
				257F7171208ED9D30093E89F /* Headers */,
				257F7172208ED9D30093E89F /* Resources */,
			);
			buildRules = (
			);
			dependencies = (
			);
			name = OneModule;
			productName = OneModule;
			productReference = 257F7174208ED9D30093E89F /* OneModule.framework */;
			productType = "com.apple.product-type.framework";
		};
		257F717C208ED9D30093E89F /* OneModuleTests */ = {
			isa = PBXNativeTarget;
			buildConfigurationList = 257F718B208ED9D30093E89F /* Build configuration list for PBXNativeTarget "OneModuleTests" */;
			buildPhases = (
				257F7179208ED9D30093E89F /* Sources */,
				257F717A208ED9D30093E89F /* Frameworks */,
				257F717B208ED9D30093E89F /* Resources */,
			);
			buildRules = (
			);
			dependencies = (
				257F7180208ED9D30093E89F /* PBXTargetDependency */,
			);
			name = OneModuleTests;
			productName = OneModuleTests;
			productReference = 257F717D208ED9D30093E89F /* OneModuleTests.xctest */;
			productType = "com.apple.product-type.bundle.unit-test";
		};
/* End PBXNativeTarget section */

/* Begin PBXProject section */
		257F716B208ED9D30093E89F /* Project object */ = {
			isa = PBXProject;
			attributes = {
				LastUpgradeCheck = 0930;
				ORGANIZATIONNAME = "Liu Zhao";
				TargetAttributes = {
					257F7173208ED9D30093E89F = {
						CreatedOnToolsVersion = 9.3;
					};
					257F717C208ED9D30093E89F = {
						CreatedOnToolsVersion = 9.3;
					};
				};
			};
			buildConfigurationList = 257F716E208ED9D30093E89F /* Build configuration list for PBXProject "OneModule" */;
			compatibilityVersion = "Xcode 9.3";
			developmentRegion = en;
			hasScannedForEncodings = 0;
			knownRegions = (
				en,
			);
			mainGroup = 257F716A208ED9D30093E89F;
			productRefGroup = 257F7175208ED9D30093E89F /* Products */;
			projectDirPath = "";
			projectRoot = "";
			targets = (
				257F7173208ED9D30093E89F /* OneModule */,
				257F717C208ED9D30093E89F /* OneModuleTests */,
			);
		};
/* End PBXProject section */

/* Begin PBXResourcesBuildPhase section */
		257F7172208ED9D30093E89F /* Resources */ = {
			isa = PBXResourcesBuildPhase;
			buildActionMask = 2147483647;
			files = (
			);
			runOnlyForDeploymentPostprocessing = 0;
		};
		257F717B208ED9D30093E89F /* Resources */ = {
			isa = PBXResourcesBuildPhase;
			buildActionMask = 2147483647;
			files = (
			);
			runOnlyForDeploymentPostprocessing = 0;
		};
/* End PBXResourcesBuildPhase section */

/* Begin PBXSourcesBuildPhase section */
		257F716F208ED9D30093E89F /* Sources */ = {
			isa = PBXSourcesBuildPhase;
			buildActionMask = 2147483647;
			files = (
				257F7191208ED9EF0093E89F /* Cat.m in Sources */,
			);
			runOnlyForDeploymentPostprocessing = 0;
		};
		257F7179208ED9D30093E89F /* Sources */ = {
			isa = PBXSourcesBuildPhase;
			buildActionMask = 2147483647;
			files = (
				257F7183208ED9D30093E89F /* OneModuleTests.m in Sources */,
			);
			runOnlyForDeploymentPostprocessing = 0;
		};
/* End PBXSourcesBuildPhase section */

/* Begin PBXTargetDependency section */
		257F7180208ED9D30093E89F /* PBXTargetDependency */ = {
			isa = PBXTargetDependency;
			target = 257F7173208ED9D30093E89F /* OneModule */;
			targetProxy = 257F717F208ED9D30093E89F /* PBXContainerItemProxy */;
		};
/* End PBXTargetDependency section */

/* Begin XCBuildConfiguration section */
		257F7186208ED9D30093E89F /* Debug */ = {
			isa = XCBuildConfiguration;
			buildSettings = {
				ALWAYS_SEARCH_USER_PATHS = NO;
				CLANG_ANALYZER_NONNULL = YES;
				CLANG_ANALYZER_NUMBER_OBJECT_CONVERSION = YES_AGGRESSIVE;
				CLANG_CXX_LANGUAGE_STANDARD = "gnu++14";
				CLANG_CXX_LIBRARY = "libc++";
				CLANG_ENABLE_MODULES = YES;
				CLANG_ENABLE_OBJC_ARC = YES;
				CLANG_ENABLE_OBJC_WEAK = YES;
				CLANG_WARN_BLOCK_CAPTURE_AUTORELEASING = YES;
				CLANG_WARN_BOOL_CONVERSION = YES;
				CLANG_WARN_COMMA = YES;
				CLANG_WARN_CONSTANT_CONVERSION = YES;
				CLANG_WARN_DEPRECATED_OBJC_IMPLEMENTATIONS = YES;
				CLANG_WARN_DIRECT_OBJC_ISA_USAGE = YES_ERROR;
				CLANG_WARN_DOCUMENTATION_COMMENTS = YES;
				CLANG_WARN_EMPTY_BODY = YES;
				CLANG_WARN_ENUM_CONVERSION = YES;
				CLANG_WARN_INFINITE_RECURSION = YES;
				CLANG_WARN_INT_CONVERSION = YES;
				CLANG_WARN_NON_LITERAL_NULL_CONVERSION = YES;
				CLANG_WARN_OBJC_IMPLICIT_RETAIN_SELF = YES;
				CLANG_WARN_OBJC_LITERAL_CONVERSION = YES;
				CLANG_WARN_OBJC_ROOT_CLASS = YES_ERROR;
				CLANG_WARN_RANGE_LOOP_ANALYSIS = YES;
				CLANG_WARN_STRICT_PROTOTYPES = YES;
				CLANG_WARN_SUSPICIOUS_MOVE = YES;
				CLANG_WARN_UNGUARDED_AVAILABILITY = YES_AGGRESSIVE;
				CLANG_WARN_UNREACHABLE_CODE = YES;
				CLANG_WARN__DUPLICATE_METHOD_MATCH = YES;
				CODE_SIGN_IDENTITY = "iPhone Developer";
				COPY_PHASE_STRIP = NO;
				CURRENT_PROJECT_VERSION = 1;
				DEBUG_INFORMATION_FORMAT = dwarf;
				ENABLE_STRICT_OBJC_MSGSEND = YES;
				ENABLE_TESTABILITY = YES;
				GCC_C_LANGUAGE_STANDARD = gnu11;
				GCC_DYNAMIC_NO_PIC = NO;
				GCC_NO_COMMON_BLOCKS = YES;
				GCC_OPTIMIZATION_LEVEL = 0;
				GCC_PREPROCESSOR_DEFINITIONS = (
					"DEBUG=1",
					"$(inherited)",
				);
				GCC_WARN_64_TO_32_BIT_CONVERSION = YES;
				GCC_WARN_ABOUT_RETURN_TYPE = YES_ERROR;
				GCC_WARN_UNDECLARED_SELECTOR = YES;
				GCC_WARN_UNINITIALIZED_AUTOS = YES_AGGRESSIVE;
				GCC_WARN_UNUSED_FUNCTION = YES;
				GCC_WARN_UNUSED_VARIABLE = YES;
				IPHONEOS_DEPLOYMENT_TARGET = 11.3;
				MTL_ENABLE_DEBUG_INFO = YES;
				ONLY_ACTIVE_ARCH = YES;
				SDKROOT = iphoneos;
				VERSIONING_SYSTEM = "apple-generic";
				VERSION_INFO_PREFIX = "";
			};
			name = Debug;
		};
		257F7187208ED9D30093E89F /* Release */ = {
			isa = XCBuildConfiguration;
			buildSettings = {
				ALWAYS_SEARCH_USER_PATHS = NO;
				CLANG_ANALYZER_NONNULL = YES;
				CLANG_ANALYZER_NUMBER_OBJECT_CONVERSION = YES_AGGRESSIVE;
				CLANG_CXX_LANGUAGE_STANDARD = "gnu++14";
				CLANG_CXX_LIBRARY = "libc++";
				CLANG_ENABLE_MODULES = YES;
				CLANG_ENABLE_OBJC_ARC = YES;
				CLANG_ENABLE_OBJC_WEAK = YES;
				CLANG_WARN_BLOCK_CAPTURE_AUTORELEASING = YES;
				CLANG_WARN_BOOL_CONVERSION = YES;
				CLANG_WARN_COMMA = YES;
				CLANG_WARN_CONSTANT_CONVERSION = YES;
				CLANG_WARN_DEPRECATED_OBJC_IMPLEMENTATIONS = YES;
				CLANG_WARN_DIRECT_OBJC_ISA_USAGE = YES_ERROR;
				CLANG_WARN_DOCUMENTATION_COMMENTS = YES;
				CLANG_WARN_EMPTY_BODY = YES;
				CLANG_WARN_ENUM_CONVERSION = YES;
				CLANG_WARN_INFINITE_RECURSION = YES;
				CLANG_WARN_INT_CONVERSION = YES;
				CLANG_WARN_NON_LITERAL_NULL_CONVERSION = YES;
				CLANG_WARN_OBJC_IMPLICIT_RETAIN_SELF = YES;
				CLANG_WARN_OBJC_LITERAL_CONVERSION = YES;
				CLANG_WARN_OBJC_ROOT_CLASS = YES_ERROR;
				CLANG_WARN_RANGE_LOOP_ANALYSIS = YES;
				CLANG_WARN_STRICT_PROTOTYPES = YES;
				CLANG_WARN_SUSPICIOUS_MOVE = YES;
				CLANG_WARN_UNGUARDED_AVAILABILITY = YES_AGGRESSIVE;
				CLANG_WARN_UNREACHABLE_CODE = YES;
				CLANG_WARN__DUPLICATE_METHOD_MATCH = YES;
				CODE_SIGN_IDENTITY = "iPhone Developer";
				COPY_PHASE_STRIP = NO;
				CURRENT_PROJECT_VERSION = 1;
				DEBUG_INFORMATION_FORMAT = "dwarf-with-dsym";
				ENABLE_NS_ASSERTIONS = NO;
				ENABLE_STRICT_OBJC_MSGSEND = YES;
				GCC_C_LANGUAGE_STANDARD = gnu11;
				GCC_NO_COMMON_BLOCKS = YES;
				GCC_WARN_64_TO_32_BIT_CONVERSION = YES;
				GCC_WARN_ABOUT_RETURN_TYPE = YES_ERROR;
				GCC_WARN_UNDECLARED_SELECTOR = YES;
				GCC_WARN_UNINITIALIZED_AUTOS = YES_AGGRESSIVE;
				GCC_WARN_UNUSED_FUNCTION = YES;
				GCC_WARN_UNUSED_VARIABLE = YES;
				IPHONEOS_DEPLOYMENT_TARGET = 11.3;
				MTL_ENABLE_DEBUG_INFO = NO;
				SDKROOT = iphoneos;
				VALIDATE_PRODUCT = YES;
				VERSIONING_SYSTEM = "apple-generic";
				VERSION_INFO_PREFIX = "";
			};
			name = Release;
		};
		257F7189208ED9D30093E89F /* Debug */ = {
			isa = XCBuildConfiguration;
			buildSettings = {
				CODE_SIGN_IDENTITY = "";
				CODE_SIGN_STYLE = Automatic;
				DEFINES_MODULE = YES;
				DYLIB_COMPATIBILITY_VERSION = 1;
				DYLIB_CURRENT_VERSION = 1;
				DYLIB_INSTALL_NAME_BASE = "@rpath";
				HEADER_SEARCH_PATHS = "${SRCROOT}/../CommonModule";
				INFOPLIST_FILE = OneModule/Info.plist;
				INSTALL_PATH = "$(LOCAL_LIBRARY_DIR)/Frameworks";
				LD_RUNPATH_SEARCH_PATHS = (
					"$(inherited)",
					"@executable_path/Frameworks",
					"@loader_path/Frameworks",
				);
				LIBRARY_SEARCH_PATHS = "${SRCROOT}/../CommonModule";
				PRODUCT_BUNDLE_IDENTIFIER = com.zhaopin.newproject.OneModule;
				PRODUCT_NAME = "$(TARGET_NAME:c99extidentifier)";
				SKIP_INSTALL = YES;
				TARGETED_DEVICE_FAMILY = "1,2";
			};
			name = Debug;
		};
		257F718A208ED9D30093E89F /* Release */ = {
			isa = XCBuildConfiguration;
			buildSettings = {
				CODE_SIGN_IDENTITY = "";
				CODE_SIGN_STYLE = Automatic;
				DEFINES_MODULE = YES;
				DYLIB_COMPATIBILITY_VERSION = 1;
				DYLIB_CURRENT_VERSION = 1;
				DYLIB_INSTALL_NAME_BASE = "@rpath";
				HEADER_SEARCH_PATHS = "${SRCROOT}/../CommonModule";
				INFOPLIST_FILE = OneModule/Info.plist;
				INSTALL_PATH = "$(LOCAL_LIBRARY_DIR)/Frameworks";
				LD_RUNPATH_SEARCH_PATHS = (
					"$(inherited)",
					"@executable_path/Frameworks",
					"@loader_path/Frameworks",
				);
				LIBRARY_SEARCH_PATHS = "${SRCROOT}/../CommonModule";
				PRODUCT_BUNDLE_IDENTIFIER = com.zhaopin.newproject.OneModule;
				PRODUCT_NAME = "$(TARGET_NAME:c99extidentifier)";
				SKIP_INSTALL = YES;
				TARGETED_DEVICE_FAMILY = "1,2";
			};
			name = Release;
		};
		257F718C208ED9D30093E89F /* Debug */ = {
			isa = XCBuildConfiguration;
			buildSettings = {
				CODE_SIGN_STYLE = Automatic;
				INFOPLIST_FILE = OneModuleTests/Info.plist;
				LD_RUNPATH_SEARCH_PATHS = (
					"$(inherited)",
					"@executable_path/Frameworks",
					"@loader_path/Frameworks",
				);
				PRODUCT_BUNDLE_IDENTIFIER = com.zhaopin.newproject.OneModuleTests;
				PRODUCT_NAME = "$(TARGET_NAME)";
				TARGETED_DEVICE_FAMILY = "1,2";
			};
			name = Debug;
		};
		257F718D208ED9D30093E89F /* Release */ = {
			isa = XCBuildConfiguration;
			buildSettings = {
				CODE_SIGN_STYLE = Automatic;
				INFOPLIST_FILE = OneModuleTests/Info.plist;
				LD_RUNPATH_SEARCH_PATHS = (
					"$(inherited)",
					"@executable_path/Frameworks",
					"@loader_path/Frameworks",
				);
				PRODUCT_BUNDLE_IDENTIFIER = com.zhaopin.newproject.OneModuleTests;
				PRODUCT_NAME = "$(TARGET_NAME)";
				TARGETED_DEVICE_FAMILY = "1,2";
			};
			name = Release;
		};
/* End XCBuildConfiguration section */

/* Begin XCConfigurationList section */
		257F716E208ED9D30093E89F /* Build configuration list for PBXProject "OneModule" */ = {
			isa = XCConfigurationList;
			buildConfigurations = (
				257F7186208ED9D30093E89F /* Debug */,
				257F7187208ED9D30093E89F /* Release */,
			);
			defaultConfigurationIsVisible = 0;
			defaultConfigurationName = Release;
		};
		257F7188208ED9D30093E89F /* Build configuration list for PBXNativeTarget "OneModule" */ = {
			isa = XCConfigurationList;
			buildConfigurations = (
				257F7189208ED9D30093E89F /* Debug */,
				257F718A208ED9D30093E89F /* Release */,
			);
			defaultConfigurationIsVisible = 0;
			defaultConfigurationName = Release;
		};
		257F718B208ED9D30093E89F /* Build configuration list for PBXNativeTarget "OneModuleTests" */ = {
			isa = XCConfigurationList;
			buildConfigurations = (
				257F718C208ED9D30093E89F /* Debug */,
				257F718D208ED9D30093E89F /* Release */,
			);
			defaultConfigurationIsVisible = 0;
			defaultConfigurationName = Release;
		};
/* End XCConfigurationList section */
	};
	rootObject = 257F716B208ED9D30093E89F /* Project object */;
}
